
Microsoft Visual Studio Solution File, Format Version 12.00
# Visual Studio 15
VisualStudioVersion = 15.0.26124.0
MinimumVisualStudioVersion = 15.0.26124.0
Project("{F2A71F9B-5D33-465A-A702-920D77279786}") = "cli", "cli\cli.fsproj", "{0DE1FB65-548B-4CA4-9A2E-9310A9726BAE}"
EndProject
Project("{F2A71F9B-5D33-465A-A702-920D77279786}") = "bitmaps", "bitmaps\bitmaps.fsproj", "{C0DA8338-3485-417D-B37A-B359E9AE3D45}"
EndProject
Project("{F2A71F9B-5D33-465A-A702-920D77279786}") = "diamond-square", "diamond-square\diamond-square.fsproj", "{7AF789B7-445B-451B-ADAD-5D91A1D6DCF8}"
EndProject
Project("{F2A71F9B-5D33-465A-A702-920D77279786}") = "perlin", "perlin\perlin.fsproj", "{985E3B8D-CFAB-4B3A-99F3-82D0AB4AD420}"
EndProject
Global
	GlobalSection(SolutionConfigurationPlatforms) = preSolution
		Debug|Any CPU = Debug|Any CPU
		Debug|x64 = Debug|x64
		Debug|x86 = Debug|x86
		Release|Any CPU = Release|Any CPU
		Release|x64 = Release|x64
		Release|x86 = Release|x86
	EndGlobalSection
	GlobalSection(SolutionProperties) = preSolution
		HideSolutionNode = FALSE
	EndGlobalSection
	GlobalSection(ProjectConfigurationPlatforms) = postSolution
		{0DE1FB65-548B-4CA4-9A2E-9310A9726BAE}.Debug|Any CPU.ActiveCfg = Debug|Any CPU
		{0DE1FB65-548B-4CA4-9A2E-9310A9726BAE}.Debug|Any CPU.Build.0 = Debug|Any CPU
		{0DE1FB65-548B-4CA4-9A2E-9310A9726BAE}.Debug|x64.ActiveCfg = Debug|Any CPU
		{0DE1FB65-548B-4CA4-9A2E-9310A9726BAE}.Debug|x64.Build.0 = Debug|Any CPU
		{0DE1FB65-548B-4CA4-9A2E-9310A9726BAE}.Debug|x86.ActiveCfg = Debug|Any CPU
		{0DE1FB65-548B-4CA4-9A2E-9310A9726BAE}.Debug|x86.Build.0 = Debug|Any CPU
		{0DE1FB65-548B-4CA4-9A2E-9310A9726BAE}.Release|Any CPU.ActiveCfg = Release|Any CPU
		{0DE1FB65-548B-4CA4-9A2E-9310A9726BAE}.Release|Any CPU.Build.0 = Release|Any CPU
		{0DE1FB65-548B-4CA4-9A2E-9310A9726BAE}.Release|x64.ActiveCfg = Release|Any CPU
		{0DE1FB65-548B-4CA4-9A2E-9310A9726BAE}.Release|x64.Build.0 = Release|Any CPU
		{0DE1FB65-548B-4CA4-9A2E-9310A9726BAE}.Release|x86.ActiveCfg = Release|Any CPU
		{0DE1FB65-548B-4CA4-9A2E-9310A9726BAE}.Release|x86.Build.0 = Release|Any CPU
		{C0DA8338-3485-417D-B37A-B359E9AE3D45}.Debug|Any CPU.ActiveCfg = Debug|Any CPU
		{C0DA8338-3485-417D-B37A-B359E9AE3D45}.Debug|Any CPU.Build.0 = Debug|Any CPU
		{C0DA8338-3485-417D-B37A-B359E9AE3D45}.Debug|x64.ActiveCfg = Debug|Any CPU
		{C0DA8338-3485-417D-B37A-B359E9AE3D45}.Debug|x64.Build.0 = Debug|Any CPU
		{C0DA8338-3485-417D-B37A-B359E9AE3D45}.Debug|x86.ActiveCfg = Debug|Any CPU
		{C0DA8338-3485-417D-B37A-B359E9AE3D45}.Debug|x86.Build.0 = Debug|Any CPU
		{C0DA8338-3485-417D-B37A-B359E9AE3D45}.Release|Any CPU.ActiveCfg = Release|Any CPU
		{C0DA8338-3485-417D-B37A-B359E9AE3D45}.Release|Any CPU.Build.0 = Release|Any CPU
		{C0DA8338-3485-417D-B37A-B359E9AE3D45}.Release|x64.ActiveCfg = Release|Any CPU
		{C0DA8338-3485-417D-B37A-B359E9AE3D45}.Release|x64.Build.0 = Release|Any CPU
		{C0DA8338-3485-417D-B37A-B359E9AE3D45}.Release|x86.ActiveCfg = Release|Any CPU
		{C0DA8338-3485-417D-B37A-B359E9AE3D45}.Release|x86.Build.0 = Release|Any CPU
		{7AF789B7-445B-451B-ADAD-5D91A1D6DCF8}.Debug|Any CPU.ActiveCfg = Debug|Any CPU
		{7AF789B7-445B-451B-ADAD-5D91A1D6DCF8}.Debug|Any CPU.Build.0 = Debug|Any CPU
		{7AF789B7-445B-451B-ADAD-5D91A1D6DCF8}.Debug|x64.ActiveCfg = Debug|Any CPU
		{7AF789B7-445B-451B-ADAD-5D91A1D6DCF8}.Debug|x64.Build.0 = Debug|Any CPU
		{7AF789B7-445B-451B-ADAD-5D91A1D6DCF8}.Debug|x86.ActiveCfg = Debug|Any CPU
		{7AF789B7-445B-451B-ADAD-5D91A1D6DCF8}.Debug|x86.Build.0 = Debug|Any CPU
		{7AF789B7-445B-451B-ADAD-5D91A1D6DCF8}.Release|Any CPU.ActiveCfg = Release|Any CPU
		{7AF789B7-445B-451B-ADAD-5D91A1D6DCF8}.Release|Any CPU.Build.0 = Release|Any CPU
		{7AF789B7-445B-451B-ADAD-5D91A1D6DCF8}.Release|x64.ActiveCfg = Release|Any CPU
		{7AF789B7-445B-451B-ADAD-5D91A1D6DCF8}.Release|x64.Build.0 = Release|Any CPU
		{7AF789B7-445B-451B-ADAD-5D91A1D6DCF8}.Release|x86.ActiveCfg = Release|Any CPU
		{7AF789B7-445B-451B-ADAD-5D91A1D6DCF8}.Release|x86.Build.0 = Release|Any CPU
		{985E3B8D-CFAB-4B3A-99F3-82D0AB4AD420}.Debug|Any CPU.ActiveCfg = Debug|Any CPU
		{985E3B8D-CFAB-4B3A-99F3-82D0AB4AD420}.Debug|Any CPU.Build.0 = Debug|Any CPU
		{985E3B8D-CFAB-4B3A-99F3-82D0AB4AD420}.Debug|x64.ActiveCfg = Debug|Any CPU
		{985E3B8D-CFAB-4B3A-99F3-82D0AB4AD420}.Debug|x64.Build.0 = Debug|Any CPU
		{985E3B8D-CFAB-4B3A-99F3-82D0AB4AD420}.Debug|x86.ActiveCfg = Debug|Any CPU
		{985E3B8D-CFAB-4B3A-99F3-82D0AB4AD420}.Debug|x86.Build.0 = Debug|Any CPU
		{985E3B8D-CFAB-4B3A-99F3-82D0AB4AD420}.Release|Any CPU.ActiveCfg = Release|Any CPU
		{985E3B8D-CFAB-4B3A-99F3-82D0AB4AD420}.Release|Any CPU.Build.0 = Release|Any CPU
		{985E3B8D-CFAB-4B3A-99F3-82D0AB4AD420}.Release|x64.ActiveCfg = Release|Any CPU
		{985E3B8D-CFAB-4B3A-99F3-82D0AB4AD420}.Release|x64.Build.0 = Release|Any CPU
		{985E3B8D-CFAB-4B3A-99F3-82D0AB4AD420}.Release|x86.ActiveCfg = Release|Any CPU
		{985E3B8D-CFAB-4B3A-99F3-82D0AB4AD420}.Release|x86.Build.0 = Release|Any CPU
	EndGlobalSection
EndGlobal
